
Microsoft Visual Studio Solution File, Format Version 12.00
# Visual Studio Version 16
VisualStudioVersion = 16.0.30907.101
MinimumVisualStudioVersion = 10.0.40219.1
Project("{9A19103F-16F7-4668-BE54-9A1E7A4F7556}") = "NKNProject", "NKNProject\NKNProject.csproj", "{523F054C-BFF5-405C-ABF9-221DFED8D470}"
EndProject
Global
	GlobalSection(SolutionConfigurationPlatforms) = preSolution
		Debug|Any CPU = Debug|Any CPU
		Release|Any CPU = Release|Any CPU
	EndGlobalSection
	GlobalSection(ProjectConfigurationPlatforms) = postSolution
		{523F054C-BFF5-405C-ABF9-221DFED8D470}.Debug|Any CPU.ActiveCfg = Debug|Any CPU
		{523F054C-BFF5-405C-ABF9-221DFED8D470}.Debug|Any CPU.Build.0 = Debug|Any CPU
		{523F054C-BFF5-405C-ABF9-221DFED8D470}.Release|Any CPU.ActiveCfg = Release|Any CPU
		{523F054C-BFF5-405C-ABF9-221DFED8D470}.Release|Any CPU.Build.0 = Release|Any CPU
	EndGlobalSection
	GlobalSection(SolutionProperties) = preSolution
		HideSolutionNode = FALSE
	EndGlobalSection
	GlobalSection(ExtensibilityGlobals) = postSolution
		SolutionGuid = {58088802-6850-424D-BEBC-57E6E72E06A8}
	EndGlobalSection
EndGlobal
